
Microsoft Visual Studio Solution File, Format Version 12.00
# Visual Studio Version 17
VisualStudioVersion = 17.6.33815.320
MinimumVisualStudioVersion = 10.0.40219.1
Project("{9A19103F-16F7-4668-BE54-9A1E7A4F7556}") = "DrinkMix", "DrinkMix\DrinkMix.csproj", "{6F9C3C4C-01A1-4DE1-9E69-4BAA68413ABA}"
EndProject
Project("{2150E333-8FDC-42A3-9474-1A3956D46DE8}") = "Solution Items", "Solution Items", "{189C177D-69FB-4C08-9D9C-0D6B6AC9C476}"
	ProjectSection(SolutionItems) = preProject
		DrinkMix\.editorconfig = DrinkMix\.editorconfig
	EndProjectSection
EndProject
Project("{9A19103F-16F7-4668-BE54-9A1E7A4F7556}") = "DrinkMix.DataAccess", "DrinkMix.DataAccess\DrinkMix.DataAccess.csproj", "{7E426637-B9DB-4AC2-BACA-D73D8C95CAD8}"
EndProject
Project("{9A19103F-16F7-4668-BE54-9A1E7A4F7556}") = "DrinkMix.BusinessLogic", "DrinkMix.BusinessLogic\DrinkMix.BusinessLogic.csproj", "{3C7A7865-E250-4463-AC04-BCE64FAE41BC}"
EndProject
Project("{FAE04EC0-301F-11D3-BF4B-00C04F79EFBC}") = "DrinkMix.Tests", "DrinkMix.Tests\DrinkMix.Tests.csproj", "{9FFED871-F318-4E7D-B919-26C6B1FFA636}"
EndProject
Global
	GlobalSection(SolutionConfigurationPlatforms) = preSolution
		Debug|Any CPU = Debug|Any CPU
		Release|Any CPU = Release|Any CPU
	EndGlobalSection
	GlobalSection(ProjectConfigurationPlatforms) = postSolution
		{6F9C3C4C-01A1-4DE1-9E69-4BAA68413ABA}.Debug|Any CPU.ActiveCfg = Debug|Any CPU
		{6F9C3C4C-01A1-4DE1-9E69-4BAA68413ABA}.Debug|Any CPU.Build.0 = Debug|Any CPU
		{6F9C3C4C-01A1-4DE1-9E69-4BAA68413ABA}.Release|Any CPU.ActiveCfg = Release|Any CPU
		{6F9C3C4C-01A1-4DE1-9E69-4BAA68413ABA}.Release|Any CPU.Build.0 = Release|Any CPU
		{7E426637-B9DB-4AC2-BACA-D73D8C95CAD8}.Debug|Any CPU.ActiveCfg = Debug|Any CPU
		{7E426637-B9DB-4AC2-BACA-D73D8C95CAD8}.Debug|Any CPU.Build.0 = Debug|Any CPU
		{7E426637-B9DB-4AC2-BACA-D73D8C95CAD8}.Release|Any CPU.ActiveCfg = Release|Any CPU
		{7E426637-B9DB-4AC2-BACA-D73D8C95CAD8}.Release|Any CPU.Build.0 = Release|Any CPU
		{3C7A7865-E250-4463-AC04-BCE64FAE41BC}.Debug|Any CPU.ActiveCfg = Debug|Any CPU
		{3C7A7865-E250-4463-AC04-BCE64FAE41BC}.Debug|Any CPU.Build.0 = Debug|Any CPU
		{3C7A7865-E250-4463-AC04-BCE64FAE41BC}.Release|Any CPU.ActiveCfg = Release|Any CPU
		{3C7A7865-E250-4463-AC04-BCE64FAE41BC}.Release|Any CPU.Build.0 = Release|Any CPU
		{9FFED871-F318-4E7D-B919-26C6B1FFA636}.Debug|Any CPU.ActiveCfg = Debug|Any CPU
		{9FFED871-F318-4E7D-B919-26C6B1FFA636}.Debug|Any CPU.Build.0 = Debug|Any CPU
		{9FFED871-F318-4E7D-B919-26C6B1FFA636}.Release|Any CPU.ActiveCfg = Release|Any CPU
		{9FFED871-F318-4E7D-B919-26C6B1FFA636}.Release|Any CPU.Build.0 = Release|Any CPU
	EndGlobalSection
	GlobalSection(SolutionProperties) = preSolution
		HideSolutionNode = FALSE
	EndGlobalSection
	GlobalSection(ExtensibilityGlobals) = postSolution
		SolutionGuid = {77284A88-CFF1-47E2-830E-3FCF70A1B084}
	EndGlobalSection
EndGlobal
